<?xml version="1.0" encoding="utf-8"?>
<Project ToolsVersion="4.0" xmlns="http://schemas.microsoft.com/developer/msbuild/2003">
  <ItemGroup>
    <Filter Include="Source Files">
      <UniqueIdentifier>{4FC737F1-C7A5-4376-A066-2A32D752A2FF}</UniqueIdentifier>
      <Extensions>cpp;c;cc;cxx;def;odl;idl;hpj;bat;asm;asmx</Extensions>
    </Filter>
    <Filter Include="Header Files">
      <UniqueIdentifier>{93995380-89BD-4b04-88EB-625FBE52EBFB}</UniqueIdentifier>
      <Extensions>h;hh;hpp;hxx;hm;inl;inc;xsd</Extensions>
    </Filter>
    <Filter Include="Resource Files">
      <UniqueIdentifier>{67DA6AB6-F800-4c08-8B7A-83BB121AAD01}</UniqueIdentifier>
      <Extensions>rc;ico;cur;bmp;dlg;rc2;rct;bin;rgs;gif;jpg;jpeg;jpe;resx;tiff;tif;png;wav</Extensions>
    </Filter>
  </ItemGroup>
  <ItemGroup>
    <ClCompile Include="adam_thermo_class.cpp">
      <Filter>Source Files</Filter>
    </ClCompile>
    <ClCompile Include="alarmsum.cpp">
      <Filter>Source Files</Filter>
    </ClCompile>
    <ClCompile Include="analog_sensor_class.cpp">
      <Filter>Source Files</Filter>
    </ClCompile>
    <ClCompile Include="array.cpp">
      <Filter>Source Files</Filter>
    </ClCompile>
    <ClCompile Include="ascfloat.cpp">
      <Filter>Source Files</Filter>
    </ClCompile>
    <ClCompile Include="asensor.cpp">
      <Filter>Source Files</Filter>
    </ClCompile>
    <ClCompile Include="autoback.cpp">
      <Filter>Source Files</Filter>
    </ClCompile>
    <ClCompile Include="bitclass.cpp">
      <Filter>Source Files</Filter>
    </ClCompile>
    <ClCompile Include="callfile.cpp">
      <Filter>Source Files</Filter>
    </ClCompile>
    <ClCompile Include="catclass.cpp">
      <Filter>Source Files</Filter>
    </ClCompile>
    <ClCompile Include="chaxis.cpp">
      <Filter>Source Files</Filter>
    </ClCompile>
    <ClCompile Include="choose_wire.cpp">
      <Filter>Source Files</Filter>
    </ClCompile>
    <ClCompile Include="client.cpp">
      <Filter>Source Files</Filter>
    </ClCompile>
    <ClCompile Include="color.cpp">
      <Filter>Source Files</Filter>
    </ClCompile>
    <ClCompile Include="colorcl.cpp">
      <Filter>Source Files</Filter>
    </ClCompile>
    <ClCompile Include="computer.cpp">
      <Filter>Source Files</Filter>
    </ClCompile>
    <ClCompile Include="copymach.cpp">
      <Filter>Source Files</Filter>
    </ClCompile>
    <ClCompile Include="copypart.cpp">
      <Filter>Source Files</Filter>
    </ClCompile>
    <ClCompile Include="csvclass.cpp">
      <Filter>Source Files</Filter>
    </ClCompile>
    <ClCompile Include="current.cpp">
      <Filter>Source Files</Filter>
    </ClCompile>
    <ClCompile Include="dateclas.cpp">
      <Filter>Source Files</Filter>
    </ClCompile>
    <ClCompile Include="dbsubs.cpp">
      <Filter>Source Files</Filter>
    </ClCompile>
    <ClCompile Include="dbupsize.cpp">
      <Filter>Source Files</Filter>
    </ClCompile>
    <ClCompile Include="db_to_vdb.cpp">
      <Filter>Source Files</Filter>
    </ClCompile>
    <ClCompile Include="dcurve.cpp">
      <Filter>Source Files</Filter>
    </ClCompile>
    <ClCompile Include="dow.cpp">
      <Filter>Source Files</Filter>
    </ClCompile>
    <ClCompile Include="downsubs.cpp">
      <Filter>Source Files</Filter>
    </ClCompile>
    <ClCompile Include="downtime.cpp">
      <Filter>Source Files</Filter>
    </ClCompile>
    <ClCompile Include="dstat.cpp">
      <Filter>Source Files</Filter>
    </ClCompile>
    <ClCompile Include="dtotchar.cpp">
      <Filter>Source Files</Filter>
    </ClCompile>
    <ClCompile Include="dynamic_file_name.cpp">
      <Filter>Source Files</Filter>
    </ClCompile>
    <ClCompile Include="error_ms.cpp">
      <Filter>Source Files</Filter>
    </ClCompile>
    <ClCompile Include="evclass.cpp">
      <Filter>Source Files</Filter>
    </ClCompile>
    <ClCompile Include="execwait.cpp">
      <Filter>Source Files</Filter>
    </ClCompile>
    <ClCompile Include="exists.cpp">
      <Filter>Source Files</Filter>
    </ClCompile>
    <ClCompile Include="extract.cpp">
      <Filter>Source Files</Filter>
    </ClCompile>
    <ClCompile Include="fifo.cpp">
      <Filter>Source Files</Filter>
    </ClCompile>
    <ClCompile Include="fileclas.cpp">
      <Filter>Source Files</Filter>
    </ClCompile>
    <ClCompile Include="fillpart.cpp">
      <Filter>Source Files</Filter>
    </ClCompile>
    <ClCompile Include="fillpart_with_dir.cpp">
      <Filter>Source Files</Filter>
    </ClCompile>
    <ClCompile Include="fillshot.cpp">
      <Filter>Source Files</Filter>
    </ClCompile>
    <ClCompile Include="fix.cpp">
      <Filter>Source Files</Filter>
    </ClCompile>
    <ClCompile Include="fontclas.cpp">
      <Filter>Source Files</Filter>
    </ClCompile>
    <ClCompile Include="ft2_wire_bit_class.cpp">
      <Filter>Source Files</Filter>
    </ClCompile>
    <ClCompile Include="ftanalog.cpp">
      <Filter>Source Files</Filter>
    </ClCompile>
    <ClCompile Include="ftcalc.cpp">
      <Filter>Source Files</Filter>
    </ClCompile>
    <ClCompile Include="ftiiclas.cpp">
      <Filter>Source Files</Filter>
    </ClCompile>
    <ClCompile Include="ftiiclas_new.cpp">
      <Filter>Source Files</Filter>
    </ClCompile>
    <ClCompile Include="ftii_file.cpp">
      <Filter>Source Files</Filter>
    </ClCompile>
    <ClCompile Include="ftii_parameters.cpp">
      <Filter>Source Files</Filter>
    </ClCompile>
    <ClCompile Include="ftii_parameters_edited.cpp">
      <Filter>Source Files</Filter>
    </ClCompile>
    <ClCompile Include="ftii_shot_data.cpp">
      <Filter>Source Files</Filter>
    </ClCompile>
    <ClCompile Include="ftime.cpp">
      <Filter>Source Files</Filter>
    </ClCompile>
    <ClCompile Include="ftoasc.cpp">
      <Filter>Source Files</Filter>
    </ClCompile>
    <ClCompile Include="genlist.cpp">
      <Filter>Source Files</Filter>
    </ClCompile>
    <ClCompile Include="get_ini.cpp">
      <Filter>Source Files</Filter>
    </ClCompile>
    <ClCompile Include="get_tc.cpp">
      <Filter>Source Files</Filter>
    </ClCompile>
    <ClCompile Include="gexedir.cpp">
      <Filter>Source Files</Filter>
    </ClCompile>
    <ClCompile Include="gpvar.cpp">
      <Filter>Source Files</Filter>
    </ClCompile>
    <ClCompile Include="hex.cpp">
      <Filter>Source Files</Filter>
    </ClCompile>
    <ClCompile Include="hourglas.cpp">
      <Filter>Source Files</Filter>
    </ClCompile>
    <ClCompile Include="iniclass.cpp">
      <Filter>Source Files</Filter>
    </ClCompile>
    <ClCompile Include="insalph.cpp">
      <Filter>Source Files</Filter>
    </ClCompile>
    <ClCompile Include="is_empty.cpp">
      <Filter>Source Files</Filter>
    </ClCompile>
    <ClCompile Include="itoasc.cpp">
      <Filter>Source Files</Filter>
    </ClCompile>
    <ClCompile Include="killdir.cpp">
      <Filter>Source Files</Filter>
    </ClCompile>
    <ClCompile Include="limit_switch_class.cpp">
      <Filter>Source Files</Filter>
    </ClCompile>
    <ClCompile Include="listbox.cpp">
      <Filter>Source Files</Filter>
    </ClCompile>
    <ClCompile Include="log_file_string.cpp">
      <Filter>Source Files</Filter>
    </ClCompile>
    <ClCompile Include="machcomp.cpp">
      <Filter>Source Files</Filter>
    </ClCompile>
    <ClCompile Include="machine.cpp">
      <Filter>Source Files</Filter>
    </ClCompile>
    <ClCompile Include="machine_to_hmi.cpp">
      <Filter>Source Files</Filter>
    </ClCompile>
    <ClCompile Include="machname.cpp">
      <Filter>Source Files</Filter>
    </ClCompile>
    <ClCompile Include="marks.cpp">
      <Filter>Source Files</Filter>
    </ClCompile>
    <ClCompile Include="maximize.cpp">
      <Filter>Source Files</Filter>
    </ClCompile>
    <ClCompile Include="mem.cpp">
      <Filter>Source Files</Filter>
    </ClCompile>
    <ClCompile Include="menu.cpp">
      <Filter>Source Files</Filter>
    </ClCompile>
    <ClCompile Include="menuctrl.cpp">
      <Filter>Source Files</Filter>
    </ClCompile>
    <ClCompile Include="mexists.cpp">
      <Filter>Source Files</Filter>
    </ClCompile>
    <ClCompile Include="misc.cpp">
      <Filter>Source Files</Filter>
    </ClCompile>
    <ClCompile Include="monrun.cpp">
      <Filter>Source Files</Filter>
    </ClCompile>
    <ClCompile Include="msgclas.cpp">
      <Filter>Source Files</Filter>
    </ClCompile>
    <ClCompile Include="multistring.cpp">
      <Filter>Source Files</Filter>
    </ClCompile>
    <ClCompile Include="nameclas.cpp">
      <Filter>Source Files</Filter>
    </ClCompile>
    <ClCompile Include="namecopy.cpp">
      <Filter>Source Files</Filter>
    </ClCompile>
    <ClCompile Include="names.cpp">
      <Filter>Source Files</Filter>
    </ClCompile>
    <ClCompile Include="namesold.cpp">
      <Filter>Source Files</Filter>
    </ClCompile>
    <ClCompile Include="optocontrol.cpp">
      <Filter>Source Files</Filter>
    </ClCompile>
    <ClCompile Include="param.cpp">
      <Filter>Source Files</Filter>
    </ClCompile>
    <ClCompile Include="param_index_class.cpp">
      <Filter>Source Files</Filter>
    </ClCompile>
    <ClCompile Include="part.cpp">
      <Filter>Source Files</Filter>
    </ClCompile>
    <ClCompile Include="partlist.cpp">
      <Filter>Source Files</Filter>
    </ClCompile>
    <ClCompile Include="path.cpp">
      <Filter>Source Files</Filter>
    </ClCompile>
    <ClCompile Include="pexists.cpp">
      <Filter>Source Files</Filter>
    </ClCompile>
    <ClCompile Include="plookup.cpp">
      <Filter>Source Files</Filter>
    </ClCompile>
    <ClCompile Include="plotclas.cpp">
      <Filter>Source Files</Filter>
    </ClCompile>
    <ClCompile Include="plotsubs.cpp">
      <Filter>Source Files</Filter>
    </ClCompile>
    <ClCompile Include="pointcl.cpp">
      <Filter>Source Files</Filter>
    </ClCompile>
    <ClCompile Include="popctrl.cpp">
      <Filter>Source Files</Filter>
    </ClCompile>
    <ClCompile Include="postsec.cpp">
      <Filter>Source Files</Filter>
    </ClCompile>
    <ClCompile Include="profiles.cpp">
      <Filter>Source Files</Filter>
    </ClCompile>
    <ClCompile Include="purge.cpp">
      <Filter>Source Files</Filter>
    </ClCompile>
    <ClCompile Include="pw.cpp">
      <Filter>Source Files</Filter>
    </ClCompile>
    <ClCompile Include="readline.cpp">
      <Filter>Source Files</Filter>
    </ClCompile>
    <ClCompile Include="rectclas.cpp">
      <Filter>Source Files</Filter>
    </ClCompile>
    <ClCompile Include="reverse.cpp">
      <Filter>Source Files</Filter>
    </ClCompile>
    <ClCompile Include="ringcl.cpp">
      <Filter>Source Files</Filter>
    </ClCompile>
    <ClCompile Include="rjust.cpp">
      <Filter>Source Files</Filter>
    </ClCompile>
    <ClCompile Include="runlist.cpp">
      <Filter>Source Files</Filter>
    </ClCompile>
    <ClCompile Include="semaphor.cpp">
      <Filter>Source Files</Filter>
    </ClCompile>
    <ClCompile Include="setpoint.cpp">
      <Filter>Source Files</Filter>
    </ClCompile>
    <ClCompile Include="shift.cpp">
      <Filter>Source Files</Filter>
    </ClCompile>
    <ClCompile Include="shotclas.cpp">
      <Filter>Source Files</Filter>
    </ClCompile>
    <ClCompile Include="shot_count.cpp">
      <Filter>Source Files</Filter>
    </ClCompile>
    <ClCompile Include="shot_name.cpp">
      <Filter>Source Files</Filter>
    </ClCompile>
    <ClCompile Include="shot_name_reset.cpp">
      <Filter>Source Files</Filter>
    </ClCompile>
    <ClCompile Include="sockcli.cpp">
      <Filter>Source Files</Filter>
    </ClCompile>
    <ClCompile Include="sockqueue.cpp">
      <Filter>Source Files</Filter>
    </ClCompile>
    <ClCompile Include="startpar.cpp">
      <Filter>Source Files</Filter>
    </ClCompile>
    <ClCompile Include="start_of_shift.cpp">
      <Filter>Source Files</Filter>
    </ClCompile>
    <ClCompile Include="static_text_parameter.cpp">
      <Filter>Source Files</Filter>
    </ClCompile>
    <ClCompile Include="stddown.cpp">
      <Filter>Source Files</Filter>
    </ClCompile>
    <ClCompile Include="stparam.cpp">
      <Filter>Source Files</Filter>
    </ClCompile>
    <ClCompile Include="stpres.cpp">
      <Filter>Source Files</Filter>
    </ClCompile>
    <ClCompile Include="strarray.cpp">
      <Filter>Source Files</Filter>
    </ClCompile>
    <ClCompile Include="stringcl.cpp">
      <Filter>Source Files</Filter>
    </ClCompile>
    <ClCompile Include="stringtable.cpp">
      <Filter>Source Files</Filter>
    </ClCompile>
    <ClCompile Include="structs.cpp">
      <Filter>Source Files</Filter>
    </ClCompile>
    <ClCompile Include="stsetup.cpp">
      <Filter>Source Files</Filter>
    </ClCompile>
    <ClCompile Include="temp_message.cpp">
      <Filter>Source Files</Filter>
    </ClCompile>
    <ClCompile Include="textlen.cpp">
      <Filter>Source Files</Filter>
    </ClCompile>
    <ClCompile Include="textlist.cpp">
      <Filter>Source Files</Filter>
    </ClCompile>
    <ClCompile Include="time.cpp">
      <Filter>Source Files</Filter>
    </ClCompile>
    <ClCompile Include="timeclas.cpp">
      <Filter>Source Files</Filter>
    </ClCompile>
    <ClCompile Include="unitadj.cpp">
      <Filter>Source Files</Filter>
    </ClCompile>
    <ClCompile Include="units.cpp">
      <Filter>Source Files</Filter>
    </ClCompile>
    <ClCompile Include="updown.cpp">
      <Filter>Source Files</Filter>
    </ClCompile>
    <ClCompile Include="v5tov7.cpp">
      <Filter>Source Files</Filter>
    </ClCompile>
    <ClCompile Include="vdbclass.cpp">
      <Filter>Source Files</Filter>
    </ClCompile>
    <ClCompile Include="visigrid.cpp">
      <Filter>Source Files</Filter>
    </ClCompile>
    <ClCompile Include="visiplot.cpp">
      <Filter>Source Files</Filter>
    </ClCompile>
    <ClCompile Include="warmupcl.cpp">
      <Filter>Source Files</Filter>
    </ClCompile>
    <ClCompile Include="wclass.cpp">
      <Filter>Source Files</Filter>
    </ClCompile>
    <ClCompile Include="winsubs.cpp">
      <Filter>Source Files</Filter>
    </ClCompile>
    <ClCompile Include="wire_class.cpp">
      <Filter>Source Files</Filter>
    </ClCompile>
    <ClCompile Include="workclas.cpp">
      <Filter>Source Files</Filter>
    </ClCompile>
    <ClCompile Include="writelin.cpp">
      <Filter>Source Files</Filter>
    </ClCompile>
    <ClCompile Include="zero.cpp">
      <Filter>Source Files</Filter>
    </ClCompile>
    <ClCompile Include="Source.cpp">
      <Filter>Source Files</Filter>
    </ClCompile>
    <ClCompile Include="external_parameter.cpp">
      <Filter>Source Files</Filter>
    </ClCompile>
    <ClCompile Include="statics.cpp">
      <Filter>Source Files</Filter>
    </ClCompile>
  </ItemGroup>
  <ItemGroup>
    <ClInclude Include="choose_wire.h">
      <Filter>Header Files</Filter>
    </ClInclude>
  </ItemGroup>
</Project>