
Microsoft Visual Studio Solution File, Format Version 12.00
# Visual Studio 2013
VisualStudioVersion = 12.0.21005.1
MinimumVisualStudioVersion = 10.0.40219.1
Project("{8BC9CEB8-8B4A-11D0-8D11-00A0C91BC942}") = "bupres", "..\bupres\bupres.vcxproj", "{20831D63-801E-420C-ADD3-8884B3544DA3}"
EndProject
Project("{8BC9CEB8-8B4A-11D0-8D11-00A0C91BC942}") = "convert", "..\convert\convert.vcxproj", "{2048C8F8-CB51-42A7-86B2-4417C6AF2937}"
EndProject
Project("{8BC9CEB8-8B4A-11D0-8D11-00A0C91BC942}") = "copylog", "..\copylog\copylog.vcxproj", "{FAB58A1D-54A5-44E0-89E9-03739D1C4E0C}"
EndProject
Project("{8BC9CEB8-8B4A-11D0-8D11-00A0C91BC942}") = "copyv5", "..\copyv5\copyv5.vcxproj", "{F1FFEED5-40EB-4EEF-A238-81C88F45ED07}"
EndProject
Project("{8BC9CEB8-8B4A-11D0-8D11-00A0C91BC942}") = "createpart", "..\createpart\createpart.vcxproj", "{4E693307-A57C-44A1-AB48-9781BBB6BC59}"
EndProject
Project("{8BC9CEB8-8B4A-11D0-8D11-00A0C91BC942}") = "downtime", "..\downtime\downtime.vcxproj", "{57914291-0E8A-4E10-98CB-69895417B6EB}"
EndProject
Project("{8BC9CEB8-8B4A-11D0-8D11-00A0C91BC942}") = "dsbackup", "..\dsbackup\dsbackup.vcxproj", "{FE82DA37-2C0C-4BDD-91A0-7C2A983E52E2}"
EndProject
Project("{8BC9CEB8-8B4A-11D0-8D11-00A0C91BC942}") = "dsinstall", "..\dsinstall\dsinstall.vcxproj", "{ABC5B5DA-446A-4F14-AFE0-32CB585EE272}"
EndProject
Project("{8BC9CEB8-8B4A-11D0-8D11-00A0C91BC942}") = "dsrestor", "..\dsrestor\dsrestor.vcxproj", "{3BA55F86-1AB7-49D9-971A-2EE01B2CD43C}"
EndProject
Project("{8BC9CEB8-8B4A-11D0-8D11-00A0C91BC942}") = "editdown", "..\editdown\editdown.vcxproj", "{7AC1AC2C-752D-451E-B411-8636EF12040F}"
EndProject
Project("{8BC9CEB8-8B4A-11D0-8D11-00A0C91BC942}") = "editpart", "..\editpart\editpart.vcxproj", "{7298AEF3-E540-430D-A6DD-710E6635849D}"
EndProject
Project("{8BC9CEB8-8B4A-11D0-8D11-00A0C91BC942}") = "emachine", "..\emachine\emachine.vcxproj", "{C126AF18-6804-427D-9299-C8C71CCB271D}"
EndProject
Project("{8BC9CEB8-8B4A-11D0-8D11-00A0C91BC942}") = "esensor", "..\esensor\esensor.vcxproj", "{BB546A3C-ACFA-4FDC-8412-4E0C9C06F286}"
EndProject
Project("{8BC9CEB8-8B4A-11D0-8D11-00A0C91BC942}") = "eventman", "..\eventman\eventman.vcxproj", "{A85033CD-E9DD-4A52-9393-49A785131EC7}"
EndProject
Project("{8BC9CEB8-8B4A-11D0-8D11-00A0C91BC942}") = "ft2", "..\ft2\ft2.vcxproj", "{BB2DCDE8-10C1-4B9C-98ED-0A499A7BC13C}"
EndProject
Project("{8BC9CEB8-8B4A-11D0-8D11-00A0C91BC942}") = "install", "..\Install\install.vcxproj", "{9E07584F-6703-46E0-9BA2-48D92E86EFD3}"
EndProject
Project("{8BC9CEB8-8B4A-11D0-8D11-00A0C91BC942}") = "monedit", "..\monedit\monedit.vcxproj", "{BF7B587C-E5C0-441A-9DE4-F05F5771ED5E}"
EndProject
Project("{8BC9CEB8-8B4A-11D0-8D11-00A0C91BC942}") = "netinstall", "..\netinstall\netinstall.vcxproj", "{CE78AAE3-9F40-4577-8E8F-6FA2ECFCDE87}"
EndProject
Project("{8BC9CEB8-8B4A-11D0-8D11-00A0C91BC942}") = "netsetup", "..\NetSetup\netsetup.vcxproj", "{13DFA163-B271-4D2B-8385-857452EFB3B2}"
EndProject
Project("{8BC9CEB8-8B4A-11D0-8D11-00A0C91BC942}") = "profile", "..\profile\profile.vcxproj", "{E3292C3B-8123-4327-B815-538682D27587}"
EndProject
Project("{8BC9CEB8-8B4A-11D0-8D11-00A0C91BC942}") = "shiftrpt", "..\shiftrpt\shiftrpt.vcxproj", "{C1EB9FE8-F795-49B3-A349-9EA8819B94B3}"
EndProject
Project("{8BC9CEB8-8B4A-11D0-8D11-00A0C91BC942}") = "startup", "..\startup\startup.vcxproj", "{C32DAF9E-864C-421A-9A85-3311A242480D}"
EndProject
Project("{8BC9CEB8-8B4A-11D0-8D11-00A0C91BC942}") = "v5setups", "..\v5setups\v5setups.vcxproj", "{A04C7900-ACEF-4331-A50A-21FFA1D8A20F}"
EndProject
Project("{8BC9CEB8-8B4A-11D0-8D11-00A0C91BC942}") = "visiedit", "..\visiedit\visiedit.vcxproj", "{8CD6AE23-8062-4735-A6EA-78A6F3A0D228}"
EndProject
Project("{8BC9CEB8-8B4A-11D0-8D11-00A0C91BC942}") = "vtextrac", "..\vtextrac\vtextrac.vcxproj", "{7A476C07-9310-4EE8-8EF3-8D5E8ADB9637}"
EndProject
Project("{8BC9CEB8-8B4A-11D0-8D11-00A0C91BC942}") = "V5Subs", "..\subs\V5Subs.vcxproj", "{C9D814F7-BFBE-47EA-A90C-362165E22968}"
EndProject
Project("{8BC9CEB8-8B4A-11D0-8D11-00A0C91BC942}") = "V8 to V7", "..\V8-to-V7\V8 to V7.vcxproj", "{9E5A1770-02B8-44A6-B645-76246E7A6112}"
EndProject
Project("{8BC9CEB8-8B4A-11D0-8D11-00A0C91BC942}") = "StdDown", "..\stddown\StdDown.vcxproj", "{29059DA9-064A-4678-AAC7-3DA8C0401AF2}"
EndProject
Project("{8BC9CEB8-8B4A-11D0-8D11-00A0C91BC942}") = "Wm_CopyData", "..\wm_copydata_test\Wm_CopyData.vcxproj", "{B9C1E473-E3BF-4C6A-A882-BFBD48F32BDD}"
EndProject
Global
	GlobalSection(SolutionConfigurationPlatforms) = preSolution
		Debug|Win32 = Debug|Win32
		Release|Win32 = Release|Win32
		UDebug|Win32 = UDebug|Win32
	EndGlobalSection
	GlobalSection(ProjectConfigurationPlatforms) = postSolution
		{20831D63-801E-420C-ADD3-8884B3544DA3}.Debug|Win32.ActiveCfg = Debug|Win32
		{20831D63-801E-420C-ADD3-8884B3544DA3}.Debug|Win32.Build.0 = Debug|Win32
		{20831D63-801E-420C-ADD3-8884B3544DA3}.Release|Win32.ActiveCfg = Release|Win32
		{20831D63-801E-420C-ADD3-8884B3544DA3}.Release|Win32.Build.0 = Release|Win32
		{20831D63-801E-420C-ADD3-8884B3544DA3}.UDebug|Win32.ActiveCfg = UDebug|Win32
		{20831D63-801E-420C-ADD3-8884B3544DA3}.UDebug|Win32.Build.0 = UDebug|Win32
		{2048C8F8-CB51-42A7-86B2-4417C6AF2937}.Debug|Win32.ActiveCfg = Debug|Win32
		{2048C8F8-CB51-42A7-86B2-4417C6AF2937}.Debug|Win32.Build.0 = Debug|Win32
		{2048C8F8-CB51-42A7-86B2-4417C6AF2937}.Release|Win32.ActiveCfg = Release|Win32
		{2048C8F8-CB51-42A7-86B2-4417C6AF2937}.Release|Win32.Build.0 = Release|Win32
		{2048C8F8-CB51-42A7-86B2-4417C6AF2937}.UDebug|Win32.ActiveCfg = UDebug|Win32
		{2048C8F8-CB51-42A7-86B2-4417C6AF2937}.UDebug|Win32.Build.0 = UDebug|Win32
		{FAB58A1D-54A5-44E0-89E9-03739D1C4E0C}.Debug|Win32.ActiveCfg = Debug|Win32
		{FAB58A1D-54A5-44E0-89E9-03739D1C4E0C}.Debug|Win32.Build.0 = Debug|Win32
		{FAB58A1D-54A5-44E0-89E9-03739D1C4E0C}.Release|Win32.ActiveCfg = Release|Win32
		{FAB58A1D-54A5-44E0-89E9-03739D1C4E0C}.Release|Win32.Build.0 = Release|Win32
		{FAB58A1D-54A5-44E0-89E9-03739D1C4E0C}.UDebug|Win32.ActiveCfg = UDebug|Win32
		{FAB58A1D-54A5-44E0-89E9-03739D1C4E0C}.UDebug|Win32.Build.0 = UDebug|Win32
		{F1FFEED5-40EB-4EEF-A238-81C88F45ED07}.Debug|Win32.ActiveCfg = Debug|Win32
		{F1FFEED5-40EB-4EEF-A238-81C88F45ED07}.Debug|Win32.Build.0 = Debug|Win32
		{F1FFEED5-40EB-4EEF-A238-81C88F45ED07}.Release|Win32.ActiveCfg = Release|Win32
		{F1FFEED5-40EB-4EEF-A238-81C88F45ED07}.Release|Win32.Build.0 = Release|Win32
		{F1FFEED5-40EB-4EEF-A238-81C88F45ED07}.UDebug|Win32.ActiveCfg = UDebug|Win32
		{F1FFEED5-40EB-4EEF-A238-81C88F45ED07}.UDebug|Win32.Build.0 = UDebug|Win32
		{4E693307-A57C-44A1-AB48-9781BBB6BC59}.Debug|Win32.ActiveCfg = Debug|Win32
		{4E693307-A57C-44A1-AB48-9781BBB6BC59}.Debug|Win32.Build.0 = Debug|Win32
		{4E693307-A57C-44A1-AB48-9781BBB6BC59}.Release|Win32.ActiveCfg = Release|Win32
		{4E693307-A57C-44A1-AB48-9781BBB6BC59}.Release|Win32.Build.0 = Release|Win32
		{4E693307-A57C-44A1-AB48-9781BBB6BC59}.UDebug|Win32.ActiveCfg = UDebug|Win32
		{4E693307-A57C-44A1-AB48-9781BBB6BC59}.UDebug|Win32.Build.0 = UDebug|Win32
		{57914291-0E8A-4E10-98CB-69895417B6EB}.Debug|Win32.ActiveCfg = Debug|Win32
		{57914291-0E8A-4E10-98CB-69895417B6EB}.Debug|Win32.Build.0 = Debug|Win32
		{57914291-0E8A-4E10-98CB-69895417B6EB}.Release|Win32.ActiveCfg = Release|Win32
		{57914291-0E8A-4E10-98CB-69895417B6EB}.Release|Win32.Build.0 = Release|Win32
		{57914291-0E8A-4E10-98CB-69895417B6EB}.UDebug|Win32.ActiveCfg = UDebug|Win32
		{57914291-0E8A-4E10-98CB-69895417B6EB}.UDebug|Win32.Build.0 = UDebug|Win32
		{FE82DA37-2C0C-4BDD-91A0-7C2A983E52E2}.Debug|Win32.ActiveCfg = Debug|Win32
		{FE82DA37-2C0C-4BDD-91A0-7C2A983E52E2}.Debug|Win32.Build.0 = Debug|Win32
		{FE82DA37-2C0C-4BDD-91A0-7C2A983E52E2}.Release|Win32.ActiveCfg = Release|Win32
		{FE82DA37-2C0C-4BDD-91A0-7C2A983E52E2}.Release|Win32.Build.0 = Release|Win32
		{FE82DA37-2C0C-4BDD-91A0-7C2A983E52E2}.UDebug|Win32.ActiveCfg = UDebug|Win32
		{FE82DA37-2C0C-4BDD-91A0-7C2A983E52E2}.UDebug|Win32.Build.0 = UDebug|Win32
		{ABC5B5DA-446A-4F14-AFE0-32CB585EE272}.Debug|Win32.ActiveCfg = Debug|Win32
		{ABC5B5DA-446A-4F14-AFE0-32CB585EE272}.Debug|Win32.Build.0 = Debug|Win32
		{ABC5B5DA-446A-4F14-AFE0-32CB585EE272}.Release|Win32.ActiveCfg = Release|Win32
		{ABC5B5DA-446A-4F14-AFE0-32CB585EE272}.Release|Win32.Build.0 = Release|Win32
		{ABC5B5DA-446A-4F14-AFE0-32CB585EE272}.UDebug|Win32.ActiveCfg = UDebug|Win32
		{ABC5B5DA-446A-4F14-AFE0-32CB585EE272}.UDebug|Win32.Build.0 = UDebug|Win32
		{3BA55F86-1AB7-49D9-971A-2EE01B2CD43C}.Debug|Win32.ActiveCfg = Debug|Win32
		{3BA55F86-1AB7-49D9-971A-2EE01B2CD43C}.Debug|Win32.Build.0 = Debug|Win32
		{3BA55F86-1AB7-49D9-971A-2EE01B2CD43C}.Release|Win32.ActiveCfg = Release|Win32
		{3BA55F86-1AB7-49D9-971A-2EE01B2CD43C}.Release|Win32.Build.0 = Release|Win32
		{3BA55F86-1AB7-49D9-971A-2EE01B2CD43C}.UDebug|Win32.ActiveCfg = UDebug|Win32
		{3BA55F86-1AB7-49D9-971A-2EE01B2CD43C}.UDebug|Win32.Build.0 = UDebug|Win32
		{7AC1AC2C-752D-451E-B411-8636EF12040F}.Debug|Win32.ActiveCfg = Debug|Win32
		{7AC1AC2C-752D-451E-B411-8636EF12040F}.Debug|Win32.Build.0 = Debug|Win32
		{7AC1AC2C-752D-451E-B411-8636EF12040F}.Release|Win32.ActiveCfg = Release|Win32
		{7AC1AC2C-752D-451E-B411-8636EF12040F}.Release|Win32.Build.0 = Release|Win32
		{7AC1AC2C-752D-451E-B411-8636EF12040F}.UDebug|Win32.ActiveCfg = UDebug|Win32
		{7AC1AC2C-752D-451E-B411-8636EF12040F}.UDebug|Win32.Build.0 = UDebug|Win32
		{7298AEF3-E540-430D-A6DD-710E6635849D}.Debug|Win32.ActiveCfg = Debug|Win32
		{7298AEF3-E540-430D-A6DD-710E6635849D}.Debug|Win32.Build.0 = Debug|Win32
		{7298AEF3-E540-430D-A6DD-710E6635849D}.Release|Win32.ActiveCfg = Release|Win32
		{7298AEF3-E540-430D-A6DD-710E6635849D}.Release|Win32.Build.0 = Release|Win32
		{7298AEF3-E540-430D-A6DD-710E6635849D}.UDebug|Win32.ActiveCfg = UDebug|Win32
		{7298AEF3-E540-430D-A6DD-710E6635849D}.UDebug|Win32.Build.0 = UDebug|Win32
		{C126AF18-6804-427D-9299-C8C71CCB271D}.Debug|Win32.ActiveCfg = Debug|Win32
		{C126AF18-6804-427D-9299-C8C71CCB271D}.Debug|Win32.Build.0 = Debug|Win32
		{C126AF18-6804-427D-9299-C8C71CCB271D}.Release|Win32.ActiveCfg = Release|Win32
		{C126AF18-6804-427D-9299-C8C71CCB271D}.Release|Win32.Build.0 = Release|Win32
		{C126AF18-6804-427D-9299-C8C71CCB271D}.UDebug|Win32.ActiveCfg = UDebug|Win32
		{C126AF18-6804-427D-9299-C8C71CCB271D}.UDebug|Win32.Build.0 = UDebug|Win32
		{BB546A3C-ACFA-4FDC-8412-4E0C9C06F286}.Debug|Win32.ActiveCfg = Debug|Win32
		{BB546A3C-ACFA-4FDC-8412-4E0C9C06F286}.Debug|Win32.Build.0 = Debug|Win32
		{BB546A3C-ACFA-4FDC-8412-4E0C9C06F286}.Release|Win32.ActiveCfg = Release|Win32
		{BB546A3C-ACFA-4FDC-8412-4E0C9C06F286}.Release|Win32.Build.0 = Release|Win32
		{BB546A3C-ACFA-4FDC-8412-4E0C9C06F286}.UDebug|Win32.ActiveCfg = UDebug|Win32
		{BB546A3C-ACFA-4FDC-8412-4E0C9C06F286}.UDebug|Win32.Build.0 = UDebug|Win32
		{A85033CD-E9DD-4A52-9393-49A785131EC7}.Debug|Win32.ActiveCfg = Debug|Win32
		{A85033CD-E9DD-4A52-9393-49A785131EC7}.Debug|Win32.Build.0 = Debug|Win32
		{A85033CD-E9DD-4A52-9393-49A785131EC7}.Release|Win32.ActiveCfg = Release|Win32
		{A85033CD-E9DD-4A52-9393-49A785131EC7}.Release|Win32.Build.0 = Release|Win32
		{A85033CD-E9DD-4A52-9393-49A785131EC7}.UDebug|Win32.ActiveCfg = UDebug|Win32
		{A85033CD-E9DD-4A52-9393-49A785131EC7}.UDebug|Win32.Build.0 = UDebug|Win32
		{BB2DCDE8-10C1-4B9C-98ED-0A499A7BC13C}.Debug|Win32.ActiveCfg = Debug|Win32
		{BB2DCDE8-10C1-4B9C-98ED-0A499A7BC13C}.Debug|Win32.Build.0 = Debug|Win32
		{BB2DCDE8-10C1-4B9C-98ED-0A499A7BC13C}.Release|Win32.ActiveCfg = Release|Win32
		{BB2DCDE8-10C1-4B9C-98ED-0A499A7BC13C}.Release|Win32.Build.0 = Release|Win32
		{BB2DCDE8-10C1-4B9C-98ED-0A499A7BC13C}.UDebug|Win32.ActiveCfg = UDebug|Win32
		{BB2DCDE8-10C1-4B9C-98ED-0A499A7BC13C}.UDebug|Win32.Build.0 = UDebug|Win32
		{9E07584F-6703-46E0-9BA2-48D92E86EFD3}.Debug|Win32.ActiveCfg = Debug|Win32
		{9E07584F-6703-46E0-9BA2-48D92E86EFD3}.Debug|Win32.Build.0 = Debug|Win32
		{9E07584F-6703-46E0-9BA2-48D92E86EFD3}.Release|Win32.ActiveCfg = Release|Win32
		{9E07584F-6703-46E0-9BA2-48D92E86EFD3}.Release|Win32.Build.0 = Release|Win32
		{9E07584F-6703-46E0-9BA2-48D92E86EFD3}.UDebug|Win32.ActiveCfg = UDebug|Win32
		{9E07584F-6703-46E0-9BA2-48D92E86EFD3}.UDebug|Win32.Build.0 = UDebug|Win32
		{BF7B587C-E5C0-441A-9DE4-F05F5771ED5E}.Debug|Win32.ActiveCfg = Debug|Win32
		{BF7B587C-E5C0-441A-9DE4-F05F5771ED5E}.Debug|Win32.Build.0 = Debug|Win32
		{BF7B587C-E5C0-441A-9DE4-F05F5771ED5E}.Release|Win32.ActiveCfg = Release|Win32
		{BF7B587C-E5C0-441A-9DE4-F05F5771ED5E}.Release|Win32.Build.0 = Release|Win32
		{BF7B587C-E5C0-441A-9DE4-F05F5771ED5E}.UDebug|Win32.ActiveCfg = UDebug|Win32
		{BF7B587C-E5C0-441A-9DE4-F05F5771ED5E}.UDebug|Win32.Build.0 = UDebug|Win32
		{CE78AAE3-9F40-4577-8E8F-6FA2ECFCDE87}.Debug|Win32.ActiveCfg = Debug|Win32
		{CE78AAE3-9F40-4577-8E8F-6FA2ECFCDE87}.Debug|Win32.Build.0 = Debug|Win32
		{CE78AAE3-9F40-4577-8E8F-6FA2ECFCDE87}.Release|Win32.ActiveCfg = Release|Win32
		{CE78AAE3-9F40-4577-8E8F-6FA2ECFCDE87}.Release|Win32.Build.0 = Release|Win32
		{CE78AAE3-9F40-4577-8E8F-6FA2ECFCDE87}.UDebug|Win32.ActiveCfg = UDebug|Win32
		{CE78AAE3-9F40-4577-8E8F-6FA2ECFCDE87}.UDebug|Win32.Build.0 = UDebug|Win32
		{13DFA163-B271-4D2B-8385-857452EFB3B2}.Debug|Win32.ActiveCfg = Debug|Win32
		{13DFA163-B271-4D2B-8385-857452EFB3B2}.Debug|Win32.Build.0 = Debug|Win32
		{13DFA163-B271-4D2B-8385-857452EFB3B2}.Release|Win32.ActiveCfg = Release|Win32
		{13DFA163-B271-4D2B-8385-857452EFB3B2}.Release|Win32.Build.0 = Release|Win32
		{13DFA163-B271-4D2B-8385-857452EFB3B2}.UDebug|Win32.ActiveCfg = UDebug|Win32
		{13DFA163-B271-4D2B-8385-857452EFB3B2}.UDebug|Win32.Build.0 = UDebug|Win32
		{E3292C3B-8123-4327-B815-538682D27587}.Debug|Win32.ActiveCfg = Debug|Win32
		{E3292C3B-8123-4327-B815-538682D27587}.Debug|Win32.Build.0 = Debug|Win32
		{E3292C3B-8123-4327-B815-538682D27587}.Release|Win32.ActiveCfg = Debug|Win32
		{E3292C3B-8123-4327-B815-538682D27587}.Release|Win32.Build.0 = Debug|Win32
		{E3292C3B-8123-4327-B815-538682D27587}.UDebug|Win32.ActiveCfg = UDebug|Win32
		{E3292C3B-8123-4327-B815-538682D27587}.UDebug|Win32.Build.0 = UDebug|Win32
		{C1EB9FE8-F795-49B3-A349-9EA8819B94B3}.Debug|Win32.ActiveCfg = Debug|Win32
		{C1EB9FE8-F795-49B3-A349-9EA8819B94B3}.Debug|Win32.Build.0 = Debug|Win32
		{C1EB9FE8-F795-49B3-A349-9EA8819B94B3}.Release|Win32.ActiveCfg = Release|Win32
		{C1EB9FE8-F795-49B3-A349-9EA8819B94B3}.Release|Win32.Build.0 = Release|Win32
		{C1EB9FE8-F795-49B3-A349-9EA8819B94B3}.UDebug|Win32.ActiveCfg = UDebug|Win32
		{C1EB9FE8-F795-49B3-A349-9EA8819B94B3}.UDebug|Win32.Build.0 = UDebug|Win32
		{C32DAF9E-864C-421A-9A85-3311A242480D}.Debug|Win32.ActiveCfg = Debug|Win32
		{C32DAF9E-864C-421A-9A85-3311A242480D}.Debug|Win32.Build.0 = Debug|Win32
		{C32DAF9E-864C-421A-9A85-3311A242480D}.Release|Win32.ActiveCfg = Release|Win32
		{C32DAF9E-864C-421A-9A85-3311A242480D}.Release|Win32.Build.0 = Release|Win32
		{C32DAF9E-864C-421A-9A85-3311A242480D}.UDebug|Win32.ActiveCfg = UDebug|Win32
		{C32DAF9E-864C-421A-9A85-3311A242480D}.UDebug|Win32.Build.0 = UDebug|Win32
		{A04C7900-ACEF-4331-A50A-21FFA1D8A20F}.Debug|Win32.ActiveCfg = Debug|Win32
		{A04C7900-ACEF-4331-A50A-21FFA1D8A20F}.Debug|Win32.Build.0 = Debug|Win32
		{A04C7900-ACEF-4331-A50A-21FFA1D8A20F}.Release|Win32.ActiveCfg = Release|Win32
		{A04C7900-ACEF-4331-A50A-21FFA1D8A20F}.Release|Win32.Build.0 = Release|Win32
		{A04C7900-ACEF-4331-A50A-21FFA1D8A20F}.UDebug|Win32.ActiveCfg = UDebug|Win32
		{A04C7900-ACEF-4331-A50A-21FFA1D8A20F}.UDebug|Win32.Build.0 = UDebug|Win32
		{8CD6AE23-8062-4735-A6EA-78A6F3A0D228}.Debug|Win32.ActiveCfg = Debug|Win32
		{8CD6AE23-8062-4735-A6EA-78A6F3A0D228}.Debug|Win32.Build.0 = Debug|Win32
		{8CD6AE23-8062-4735-A6EA-78A6F3A0D228}.Release|Win32.ActiveCfg = Release|Win32
		{8CD6AE23-8062-4735-A6EA-78A6F3A0D228}.Release|Win32.Build.0 = Release|Win32
		{8CD6AE23-8062-4735-A6EA-78A6F3A0D228}.UDebug|Win32.ActiveCfg = UDebug|Win32
		{8CD6AE23-8062-4735-A6EA-78A6F3A0D228}.UDebug|Win32.Build.0 = UDebug|Win32
		{7A476C07-9310-4EE8-8EF3-8D5E8ADB9637}.Debug|Win32.ActiveCfg = Debug|Win32
		{7A476C07-9310-4EE8-8EF3-8D5E8ADB9637}.Debug|Win32.Build.0 = Debug|Win32
		{7A476C07-9310-4EE8-8EF3-8D5E8ADB9637}.Release|Win32.ActiveCfg = Release|Win32
		{7A476C07-9310-4EE8-8EF3-8D5E8ADB9637}.Release|Win32.Build.0 = Release|Win32
		{7A476C07-9310-4EE8-8EF3-8D5E8ADB9637}.UDebug|Win32.ActiveCfg = UDebug|Win32
		{7A476C07-9310-4EE8-8EF3-8D5E8ADB9637}.UDebug|Win32.Build.0 = UDebug|Win32
		{C9D814F7-BFBE-47EA-A90C-362165E22968}.Debug|Win32.ActiveCfg = Debug|Win32
		{C9D814F7-BFBE-47EA-A90C-362165E22968}.Debug|Win32.Build.0 = Debug|Win32
		{C9D814F7-BFBE-47EA-A90C-362165E22968}.Release|Win32.ActiveCfg = Release|Win32
		{C9D814F7-BFBE-47EA-A90C-362165E22968}.Release|Win32.Build.0 = Release|Win32
		{C9D814F7-BFBE-47EA-A90C-362165E22968}.UDebug|Win32.ActiveCfg = UDebug|Win32
		{C9D814F7-BFBE-47EA-A90C-362165E22968}.UDebug|Win32.Build.0 = UDebug|Win32
		{9E5A1770-02B8-44A6-B645-76246E7A6112}.Debug|Win32.ActiveCfg = Debug|Win32
		{9E5A1770-02B8-44A6-B645-76246E7A6112}.Debug|Win32.Build.0 = Debug|Win32
		{9E5A1770-02B8-44A6-B645-76246E7A6112}.Release|Win32.ActiveCfg = Release|Win32
		{9E5A1770-02B8-44A6-B645-76246E7A6112}.Release|Win32.Build.0 = Release|Win32
		{9E5A1770-02B8-44A6-B645-76246E7A6112}.UDebug|Win32.ActiveCfg = UDebug|Win32
		{9E5A1770-02B8-44A6-B645-76246E7A6112}.UDebug|Win32.Build.0 = UDebug|Win32
		{29059DA9-064A-4678-AAC7-3DA8C0401AF2}.Debug|Win32.ActiveCfg = Debug|Win32
		{29059DA9-064A-4678-AAC7-3DA8C0401AF2}.Debug|Win32.Build.0 = Debug|Win32
		{29059DA9-064A-4678-AAC7-3DA8C0401AF2}.Release|Win32.ActiveCfg = Release|Win32
		{29059DA9-064A-4678-AAC7-3DA8C0401AF2}.Release|Win32.Build.0 = Release|Win32
		{29059DA9-064A-4678-AAC7-3DA8C0401AF2}.UDebug|Win32.ActiveCfg = Debug|Win32
		{29059DA9-064A-4678-AAC7-3DA8C0401AF2}.UDebug|Win32.Build.0 = Debug|Win32
		{B9C1E473-E3BF-4C6A-A882-BFBD48F32BDD}.Debug|Win32.ActiveCfg = Debug|Win32
		{B9C1E473-E3BF-4C6A-A882-BFBD48F32BDD}.Debug|Win32.Build.0 = Debug|Win32
		{B9C1E473-E3BF-4C6A-A882-BFBD48F32BDD}.Release|Win32.ActiveCfg = Release|Win32
		{B9C1E473-E3BF-4C6A-A882-BFBD48F32BDD}.Release|Win32.Build.0 = Release|Win32
		{B9C1E473-E3BF-4C6A-A882-BFBD48F32BDD}.UDebug|Win32.ActiveCfg = Debug|Win32
		{B9C1E473-E3BF-4C6A-A882-BFBD48F32BDD}.UDebug|Win32.Build.0 = Debug|Win32
	EndGlobalSection
	GlobalSection(SolutionProperties) = preSolution
		HideSolutionNode = FALSE
	EndGlobalSection
EndGlobal
