<?xml version="1.0" encoding="utf-8"?>
<Project ToolsVersion="4.0" xmlns="http://schemas.microsoft.com/developer/msbuild/2003">
  <ItemGroup>
    <Filter Include="Source Files">
      <UniqueIdentifier>{4FC737F1-C7A5-4376-A066-2A32D752A2FF}</UniqueIdentifier>
      <Extensions>cpp;c;cc;cxx;def;odl;idl;hpj;bat;asm;asmx</Extensions>
    </Filter>
    <Filter Include="Header Files">
      <UniqueIdentifier>{93995380-89BD-4b04-88EB-625FBE52EBFB}</UniqueIdentifier>
      <Extensions>h;hh;hpp;hxx;hm;inl;inc;xsd</Extensions>
    </Filter>
    <Filter Include="Resource Files">
      <UniqueIdentifier>{67DA6AB6-F800-4c08-8B7A-83BB121AAD01}</UniqueIdentifier>
      <Extensions>rc;ico;cur;bmp;dlg;rc2;rct;bin;rgs;gif;jpg;jpeg;jpe;resx;tiff;tif;png;wav</Extensions>
    </Filter>
  </ItemGroup>
  <ItemGroup>
    <ClCompile Include="alarmexp.cpp">
      <Filter>Source Files</Filter>
    </ClCompile>
    <ClCompile Include="bitmapcl.cpp">
      <Filter>Source Files</Filter>
    </ClCompile>
    <ClCompile Include="box.cpp">
      <Filter>Source Files</Filter>
    </ClCompile>
    <ClCompile Include="chospart.cpp">
      <Filter>Source Files</Filter>
    </ClCompile>
    <ClCompile Include="chosshot.cpp">
      <Filter>Source Files</Filter>
    </ClCompile>
    <ClCompile Include="chosshot_no_graphlist.cpp">
      <Filter>Source Files</Filter>
    </ClCompile>
    <ClCompile Include="colordef.cpp">
      <Filter>Source Files</Filter>
    </ClCompile>
    <ClCompile Include="colors.cpp">
      <Filter>Source Files</Filter>
    </ClCompile>
    <ClCompile Include="corner.cpp">
      <Filter>Source Files</Filter>
    </ClCompile>
    <ClCompile Include="ctrlimit.cpp">
      <Filter>Source Files</Filter>
    </ClCompile>
    <ClCompile Include="dbarcfg.cpp">
      <Filter>Source Files</Filter>
    </ClCompile>
    <ClCompile Include="dconfig.cpp">
      <Filter>Source Files</Filter>
    </ClCompile>
    <ClCompile Include="downbar.cpp">
      <Filter>Source Files</Filter>
    </ClCompile>
    <ClCompile Include="editop.cpp">
      <Filter>Source Files</Filter>
    </ClCompile>
    <ClCompile Include="editshif.cpp">
      <Filter>Source Files</Filter>
    </ClCompile>
    <ClCompile Include="export.cpp">
      <Filter>Source Files</Filter>
    </ClCompile>
    <ClCompile Include="fixaxis.cpp">
      <Filter>Source Files</Filter>
    </ClCompile>
    <ClCompile Include="gridclas.cpp">
      <Filter>Source Files</Filter>
    </ClCompile>
    <ClCompile Include="isalarm.cpp">
      <Filter>Source Files</Filter>
    </ClCompile>
    <ClCompile Include="master.cpp">
      <Filter>Source Files</Filter>
    </ClCompile>
    <ClCompile Include="mplot.cpp">
      <Filter>Source Files</Filter>
    </ClCompile>
    <ClCompile Include="mulprint.cpp">
      <Filter>Source Files</Filter>
    </ClCompile>
    <ClCompile Include="mulprint_no_graphlist.cpp">
      <Filter>Source Files</Filter>
    </ClCompile>
    <ClCompile Include="olmsted.cpp">
      <Filter>Source Files</Filter>
    </ClCompile>
    <ClCompile Include="paramhis.cpp">
      <Filter>Source Files</Filter>
    </ClCompile>
    <ClCompile Include="paramwin.cpp">
      <Filter>Source Files</Filter>
    </ClCompile>
    <ClCompile Include="password.cpp">
      <Filter>Source Files</Filter>
    </ClCompile>
    <ClCompile Include="plot.cpp">
      <Filter>Source Files</Filter>
    </ClCompile>
    <ClCompile Include="plotx1.cpp">
      <Filter>Source Files</Filter>
    </ClCompile>
    <ClCompile Include="plotx4.cpp">
      <Filter>Source Files</Filter>
    </ClCompile>
    <ClCompile Include="profile.cpp">
      <Filter>Source Files</Filter>
    </ClCompile>
    <ClCompile Include="rtmlist.cpp">
      <Filter>Source Files</Filter>
    </ClCompile>
    <ClCompile Include="savepro.cpp">
      <Filter>Source Files</Filter>
    </ClCompile>
    <ClCompile Include="status.cpp">
      <Filter>Source Files</Filter>
    </ClCompile>
    <ClCompile Include="tcconfig.cpp">
      <Filter>Source Files</Filter>
    </ClCompile>
    <ClCompile Include="trend.cpp">
      <Filter>Source Files</Filter>
    </ClCompile>
    <ClCompile Include="viewpara.cpp">
      <Filter>Source Files</Filter>
    </ClCompile>
    <ClCompile Include="vlbclass.cpp">
      <Filter>Source Files</Filter>
    </ClCompile>
    <ClCompile Include="xaxis.cpp">
      <Filter>Source Files</Filter>
    </ClCompile>
    <ClCompile Include="xdcrplot.cpp">
      <Filter>Source Files</Filter>
    </ClCompile>
  </ItemGroup>
  <ItemGroup>
    <ClInclude Include="BITMAPCL.H">
      <Filter>Header Files</Filter>
    </ClInclude>
    <ClInclude Include="ctrlimit.h">
      <Filter>Header Files</Filter>
    </ClInclude>
    <ClInclude Include="dbarcfg.h">
      <Filter>Header Files</Filter>
    </ClInclude>
    <ClInclude Include="downclas.h">
      <Filter>Header Files</Filter>
    </ClInclude>
    <ClInclude Include="extern.h">
      <Filter>Header Files</Filter>
    </ClInclude>
    <ClInclude Include="fixaxis.h">
      <Filter>Header Files</Filter>
    </ClInclude>
    <ClInclude Include="fixparam.h">
      <Filter>Header Files</Filter>
    </ClInclude>
    <ClInclude Include="GRIDCLAS.H">
      <Filter>Header Files</Filter>
    </ClInclude>
    <ClInclude Include="mplot.h">
      <Filter>Header Files</Filter>
    </ClInclude>
    <ClInclude Include="password.h">
      <Filter>Header Files</Filter>
    </ClInclude>
    <ClInclude Include="resource.h">
      <Filter>Header Files</Filter>
    </ClInclude>
    <ClInclude Include="resrc1.h">
      <Filter>Header Files</Filter>
    </ClInclude>
    <ClInclude Include="rtmlist.h">
      <Filter>Header Files</Filter>
    </ClInclude>
    <ClInclude Include="tcconfig.h">
      <Filter>Header Files</Filter>
    </ClInclude>
    <ClInclude Include="vlbclass.h">
      <Filter>Header Files</Filter>
    </ClInclude>
    <ClInclude Include="xaxis.h">
      <Filter>Header Files</Filter>
    </ClInclude>
  </ItemGroup>
  <ItemGroup>
    <ResourceCompile Include="profile.rc">
      <Filter>Resource Files</Filter>
    </ResourceCompile>
    <ResourceCompile Include="profile_no_graphlist.rc">
      <Filter>Resource Files</Filter>
    </ResourceCompile>
  </ItemGroup>
  <ItemGroup>
    <None Include="plot4.cppmf" />
  </ItemGroup>
  <ItemGroup>
    <Image Include="profile.ico">
      <Filter>Resource Files</Filter>
    </Image>
  </ItemGroup>
</Project>